
Microsoft Visual Studio Solution File, Format Version 12.00
# Visual Studio Version 17
VisualStudioVersion = 17.5.002.0
MinimumVisualStudioVersion = 10.0.40219.1
Project("{9A19103F-16F7-4668-BE54-9A1E7A4F7556}") = "ExerciseC", "ExerciseC.csproj", "{BF884E5D-E456-4C15-B02F-A23776A1A8A2}"
EndProject
Global
	GlobalSection(SolutionConfigurationPlatforms) = preSolution
		Debug|Any CPU = Debug|Any CPU
		Release|Any CPU = Release|Any CPU
	EndGlobalSection
	GlobalSection(ProjectConfigurationPlatforms) = postSolution
		{BF884E5D-E456-4C15-B02F-A23776A1A8A2}.Debug|Any CPU.ActiveCfg = Debug|Any CPU
		{BF884E5D-E456-4C15-B02F-A23776A1A8A2}.Debug|Any CPU.Build.0 = Debug|Any CPU
		{BF884E5D-E456-4C15-B02F-A23776A1A8A2}.Release|Any CPU.ActiveCfg = Release|Any CPU
		{BF884E5D-E456-4C15-B02F-A23776A1A8A2}.Release|Any CPU.Build.0 = Release|Any CPU
	EndGlobalSection
	GlobalSection(SolutionProperties) = preSolution
		HideSolutionNode = FALSE
	EndGlobalSection
	GlobalSection(ExtensibilityGlobals) = postSolution
		SolutionGuid = {0F50E685-D2D2-48A2-80AD-D5D9AAEE7746}
	EndGlobalSection
EndGlobal
