
Microsoft Visual Studio Solution File, Format Version 12.00
# Visual Studio Version 17
VisualStudioVersion = 17.5.002.0
MinimumVisualStudioVersion = 10.0.40219.1
Project("{9A19103F-16F7-4668-BE54-9A1E7A4F7556}") = "Exercise_M", "Exercise_M.csproj", "{2D568501-0071-4F7F-88F3-490799DB771D}"
EndProject
Global
	GlobalSection(SolutionConfigurationPlatforms) = preSolution
		Debug|Any CPU = Debug|Any CPU
		Release|Any CPU = Release|Any CPU
	EndGlobalSection
	GlobalSection(ProjectConfigurationPlatforms) = postSolution
		{2D568501-0071-4F7F-88F3-490799DB771D}.Debug|Any CPU.ActiveCfg = Debug|Any CPU
		{2D568501-0071-4F7F-88F3-490799DB771D}.Debug|Any CPU.Build.0 = Debug|Any CPU
		{2D568501-0071-4F7F-88F3-490799DB771D}.Release|Any CPU.ActiveCfg = Release|Any CPU
		{2D568501-0071-4F7F-88F3-490799DB771D}.Release|Any CPU.Build.0 = Release|Any CPU
	EndGlobalSection
	GlobalSection(SolutionProperties) = preSolution
		HideSolutionNode = FALSE
	EndGlobalSection
	GlobalSection(ExtensibilityGlobals) = postSolution
		SolutionGuid = {09C9E5B8-98BD-4047-92B8-A291468CF909}
	EndGlobalSection
EndGlobal
